
Microsoft Visual Studio Solution File, Format Version 12.00
# Visual Studio Version 16
VisualStudioVersion = 16.0.30002.166
MinimumVisualStudioVersion = 10.0.40219.1
Project("{FAE04EC0-301F-11D3-BF4B-00C04F79EFBC}") = "BadSuperbowlNamer", "BadSuperbowlNamer\BadSuperbowlNamer.csproj", "{063E04F6-D39F-434E-B66C-3EE0A0310E03}"
EndProject
Project("{FAE04EC0-301F-11D3-BF4B-00C04F79EFBC}") = "BadSuperbowlNamer.Tests", "BadSuperbowlNamer.Tests\BadSuperbowlNamer.Tests.csproj", "{9E637CD7-08B3-4F6B-B992-A812A20E0E48}"
EndProject
Global
	GlobalSection(SolutionConfigurationPlatforms) = preSolution
		Debug|Any CPU = Debug|Any CPU
		Release|Any CPU = Release|Any CPU
	EndGlobalSection
	GlobalSection(ProjectConfigurationPlatforms) = postSolution
		{063E04F6-D39F-434E-B66C-3EE0A0310E03}.Debug|Any CPU.ActiveCfg = Debug|Any CPU
		{063E04F6-D39F-434E-B66C-3EE0A0310E03}.Debug|Any CPU.Build.0 = Debug|Any CPU
		{063E04F6-D39F-434E-B66C-3EE0A0310E03}.Release|Any CPU.ActiveCfg = Release|Any CPU
		{063E04F6-D39F-434E-B66C-3EE0A0310E03}.Release|Any CPU.Build.0 = Release|Any CPU
		{9E637CD7-08B3-4F6B-B992-A812A20E0E48}.Debug|Any CPU.ActiveCfg = Debug|Any CPU
		{9E637CD7-08B3-4F6B-B992-A812A20E0E48}.Debug|Any CPU.Build.0 = Debug|Any CPU
		{9E637CD7-08B3-4F6B-B992-A812A20E0E48}.Release|Any CPU.ActiveCfg = Release|Any CPU
		{9E637CD7-08B3-4F6B-B992-A812A20E0E48}.Release|Any CPU.Build.0 = Release|Any CPU
	EndGlobalSection
	GlobalSection(SolutionProperties) = preSolution
		HideSolutionNode = FALSE
	EndGlobalSection
	GlobalSection(ExtensibilityGlobals) = postSolution
		SolutionGuid = {95DC7828-C6C5-4DB7-AF6C-97FE95827A6F}
	EndGlobalSection
EndGlobal
